// !$*UTF8*$!
{
	archiveVersion = 1;
	classes = {
	};
	objectVersion = 46;
	objects = {

/* Begin PBXBuildFile section */
		000238DE06933029007C44ED /* BIGLView.m in Sources */ = {isa = PBXBuildFile; fileRef = 000238DC06933029007C44ED /* BIGLView.m */; };
		0002399806933380007C44ED /* OpenGL.framework in Frameworks */ = {isa = PBXBuildFile; fileRef = 0002399706933380007C44ED /* OpenGL.framework */; };
		00023A0206933D86007C44ED /* BIGL.h in Headers */ = {isa = PBXBuildFile; fileRef = 000239B20693365E007C44ED /* BIGL.h */; settings = {ATTRIBUTES = (); }; };
		00023A0306933D86007C44ED /* BIGLView.h in Headers */ = {isa = PBXBuildFile; fileRef = 000238DB06933029007C44ED /* BIGLView.h */; settings = {ATTRIBUTES = (); }; };
		00023ACC069347CC007C44ED /* BIGLSubView.h in Headers */ = {isa = PBXBuildFile; fileRef = 00023ACA069347CC007C44ED /* BIGLSubView.h */; settings = {ATTRIBUTES = (); }; };
		00023ACD069347CC007C44ED /* BIGLSubView.m in Sources */ = {isa = PBXBuildFile; fileRef = 00023ACB069347CC007C44ED /* BIGLSubView.m */; };
		00023AD606934F9B007C44ED /* BIGLTextView.h in Headers */ = {isa = PBXBuildFile; fileRef = 00023AD406934F9B007C44ED /* BIGLTextView.h */; settings = {ATTRIBUTES = (); }; };
		00023AD706934F9B007C44ED /* BIGLTextView.m in Sources */ = {isa = PBXBuildFile; fileRef = 00023AD506934F9B007C44ED /* BIGLTextView.m */; };
		005D98DB069D9BF900A4BA7B /* BIGLCocoaView.h in Headers */ = {isa = PBXBuildFile; fileRef = 005D98D9069D9BF900A4BA7B /* BIGLCocoaView.h */; settings = {ATTRIBUTES = (); }; };
		005D98DC069D9BF900A4BA7B /* BIGLCocoaView.m in Sources */ = {isa = PBXBuildFile; fileRef = 005D98DA069D9BF900A4BA7B /* BIGLCocoaView.m */; };
		007FF97E06C6E07A006B684A /* Cocoa.framework in Frameworks */ = {isa = PBXBuildFile; fileRef = 007FF97D06C6E07A006B684A /* Cocoa.framework */; };
		00A299F80693EC1500E39953 /* BIGLPolyView.h in Headers */ = {isa = PBXBuildFile; fileRef = 00A299F60693EC1500E39953 /* BIGLPolyView.h */; settings = {ATTRIBUTES = (); }; };
		00A299F90693EC1500E39953 /* BIGLPolyView.m in Sources */ = {isa = PBXBuildFile; fileRef = 00A299F70693EC1500E39953 /* BIGLPolyView.m */; };
		00C134710694ACDB004F02A8 /* BIGLGraphView.h in Headers */ = {isa = PBXBuildFile; fileRef = 00C1346F0694ACDB004F02A8 /* BIGLGraphView.h */; settings = {ATTRIBUTES = (); }; };
		00C134720694ACDB004F02A8 /* BIGLGraphView.m in Sources */ = {isa = PBXBuildFile; fileRef = 00C134700694ACDB004F02A8 /* BIGLGraphView.m */; };
		00F514C806944F0500F4D67C /* BIGLLineView.h in Headers */ = {isa = PBXBuildFile; fileRef = 00F514C606944F0500F4D67C /* BIGLLineView.h */; settings = {ATTRIBUTES = (); }; };
		00F514C906944F0500F4D67C /* BIGLLineView.m in Sources */ = {isa = PBXBuildFile; fileRef = 00F514C706944F0500F4D67C /* BIGLLineView.m */; };
		00F514DF0694559400F4D67C /* BIGLImageView.h in Headers */ = {isa = PBXBuildFile; fileRef = 00F514DD0694559400F4D67C /* BIGLImageView.h */; settings = {ATTRIBUTES = (); }; };
		00F514E00694559400F4D67C /* BIGLImageView.m in Sources */ = {isa = PBXBuildFile; fileRef = 00F514DE0694559400F4D67C /* BIGLImageView.m */; };
		00F57A4406A875BB0035AE2F /* BIGL.h in CopyFiles */ = {isa = PBXBuildFile; fileRef = 000239B20693365E007C44ED /* BIGL.h */; };
		00F57A4506A875BB0035AE2F /* BIGLView.h in CopyFiles */ = {isa = PBXBuildFile; fileRef = 000238DB06933029007C44ED /* BIGLView.h */; };
		00F57A4606A875BB0035AE2F /* BIGLSubView.h in CopyFiles */ = {isa = PBXBuildFile; fileRef = 00023ACA069347CC007C44ED /* BIGLSubView.h */; };
		00F57A4706A875BB0035AE2F /* BIGLTextView.h in CopyFiles */ = {isa = PBXBuildFile; fileRef = 00023AD406934F9B007C44ED /* BIGLTextView.h */; };
		00F57A4806A875BB0035AE2F /* BIGLPolyView.h in CopyFiles */ = {isa = PBXBuildFile; fileRef = 00A299F60693EC1500E39953 /* BIGLPolyView.h */; };
		00F57A4906A875BB0035AE2F /* BIGLLineView.h in CopyFiles */ = {isa = PBXBuildFile; fileRef = 00F514C606944F0500F4D67C /* BIGLLineView.h */; };
		00F57A4A06A875BB0035AE2F /* BIGLImageView.h in CopyFiles */ = {isa = PBXBuildFile; fileRef = 00F514DD0694559400F4D67C /* BIGLImageView.h */; };
		00F57A4B06A875BB0035AE2F /* BIGLGraphView.h in CopyFiles */ = {isa = PBXBuildFile; fileRef = 00C1346F0694ACDB004F02A8 /* BIGLGraphView.h */; };
		00F57A4C06A875BB0035AE2F /* BIGLCocoaView.h in CopyFiles */ = {isa = PBXBuildFile; fileRef = 005D98D9069D9BF900A4BA7B /* BIGLCocoaView.h */; };
		8DC2EF510486A6940098B216 /* BIGL_Prefix.pch in Headers */ = {isa = PBXBuildFile; fileRef = 32DBCF5E0370ADEE00C91783 /* BIGL_Prefix.pch */; };
		8DC2EF530486A6940098B216 /* InfoPlist.strings in Resources */ = {isa = PBXBuildFile; fileRef = 089C1666FE841158C02AAC07 /* InfoPlist.strings */; };
/* End PBXBuildFile section */

/* Begin PBXCopyFilesBuildPhase section */
		00F57A4306A875990035AE2F /* CopyFiles */ = {
			isa = PBXCopyFilesBuildPhase;
			buildActionMask = 2147483647;
			dstPath = Headers;
			dstSubfolderSpec = 1;
			files = (
				00F57A4406A875BB0035AE2F /* BIGL.h in CopyFiles */,
				00F57A4506A875BB0035AE2F /* BIGLView.h in CopyFiles */,
				00F57A4606A875BB0035AE2F /* BIGLSubView.h in CopyFiles */,
				00F57A4706A875BB0035AE2F /* BIGLTextView.h in CopyFiles */,
				00F57A4806A875BB0035AE2F /* BIGLPolyView.h in CopyFiles */,
				00F57A4906A875BB0035AE2F /* BIGLLineView.h in CopyFiles */,
				00F57A4A06A875BB0035AE2F /* BIGLImageView.h in CopyFiles */,
				00F57A4B06A875BB0035AE2F /* BIGLGraphView.h in CopyFiles */,
				00F57A4C06A875BB0035AE2F /* BIGLCocoaView.h in CopyFiles */,
			);
			runOnlyForDeploymentPostprocessing = 0;
		};
/* End PBXCopyFilesBuildPhase section */

/* Begin PBXFileReference section */
		000238DB06933029007C44ED /* BIGLView.h */ = {isa = PBXFileReference; fileEncoding = 4; lastKnownFileType = sourcecode.c.h; path = BIGLView.h; sourceTree = "<group>"; };
		000238DC06933029007C44ED /* BIGLView.m */ = {isa = PBXFileReference; fileEncoding = 4; lastKnownFileType = sourcecode.c.objc; path = BIGLView.m; sourceTree = "<group>"; };
		0002399706933380007C44ED /* OpenGL.framework */ = {isa = PBXFileReference; lastKnownFileType = wrapper.framework; name = OpenGL.framework; path = /System/Library/Frameworks/OpenGL.framework; sourceTree = "<absolute>"; };
		000239B20693365E007C44ED /* BIGL.h */ = {isa = PBXFileReference; fileEncoding = 4; lastKnownFileType = sourcecode.c.h; path = BIGL.h; sourceTree = "<group>"; };
		00023ACA069347CC007C44ED /* BIGLSubView.h */ = {isa = PBXFileReference; fileEncoding = 4; lastKnownFileType = sourcecode.c.h; path = BIGLSubView.h; sourceTree = "<group>"; };
		00023ACB069347CC007C44ED /* BIGLSubView.m */ = {isa = PBXFileReference; fileEncoding = 4; lastKnownFileType = sourcecode.c.objc; path = BIGLSubView.m; sourceTree = "<group>"; };
		00023AD406934F9B007C44ED /* BIGLTextView.h */ = {isa = PBXFileReference; fileEncoding = 4; lastKnownFileType = sourcecode.c.h; path = BIGLTextView.h; sourceTree = "<group>"; };
		00023AD506934F9B007C44ED /* BIGLTextView.m */ = {isa = PBXFileReference; fileEncoding = 4; lastKnownFileType = sourcecode.c.objc; path = BIGLTextView.m; sourceTree = "<group>"; };
		005D98D9069D9BF900A4BA7B /* BIGLCocoaView.h */ = {isa = PBXFileReference; fileEncoding = 4; lastKnownFileType = sourcecode.c.h; path = BIGLCocoaView.h; sourceTree = "<group>"; };
		005D98DA069D9BF900A4BA7B /* BIGLCocoaView.m */ = {isa = PBXFileReference; fileEncoding = 4; lastKnownFileType = sourcecode.c.objc; path = BIGLCocoaView.m; sourceTree = "<group>"; };
		007FF97D06C6E07A006B684A /* Cocoa.framework */ = {isa = PBXFileReference; lastKnownFileType = wrapper.framework; name = Cocoa.framework; path = /System/Library/Frameworks/Cocoa.framework; sourceTree = "<absolute>"; };
		00A299F60693EC1500E39953 /* BIGLPolyView.h */ = {isa = PBXFileReference; fileEncoding = 4; lastKnownFileType = sourcecode.c.h; path = BIGLPolyView.h; sourceTree = "<group>"; };
		00A299F70693EC1500E39953 /* BIGLPolyView.m */ = {isa = PBXFileReference; fileEncoding = 4; lastKnownFileType = sourcecode.c.objc; path = BIGLPolyView.m; sourceTree = "<group>"; };
		00C1346F0694ACDB004F02A8 /* BIGLGraphView.h */ = {isa = PBXFileReference; fileEncoding = 4; lastKnownFileType = sourcecode.c.h; path = BIGLGraphView.h; sourceTree = "<group>"; };
		00C134700694ACDB004F02A8 /* BIGLGraphView.m */ = {isa = PBXFileReference; fileEncoding = 4; lastKnownFileType = sourcecode.c.objc; path = BIGLGraphView.m; sourceTree = "<group>"; };
		00F514C606944F0500F4D67C /* BIGLLineView.h */ = {isa = PBXFileReference; fileEncoding = 4; lastKnownFileType = sourcecode.c.h; path = BIGLLineView.h; sourceTree = "<group>"; };
		00F514C706944F0500F4D67C /* BIGLLineView.m */ = {isa = PBXFileReference; fileEncoding = 4; lastKnownFileType = sourcecode.c.objc; path = BIGLLineView.m; sourceTree = "<group>"; };
		00F514DD0694559400F4D67C /* BIGLImageView.h */ = {isa = PBXFileReference; fileEncoding = 4; lastKnownFileType = sourcecode.c.h; path = BIGLImageView.h; sourceTree = "<group>"; };
		00F514DE0694559400F4D67C /* BIGLImageView.m */ = {isa = PBXFileReference; fileEncoding = 4; lastKnownFileType = sourcecode.c.objc; path = BIGLImageView.m; sourceTree = "<group>"; };
		0867D69BFE84028FC02AAC07 /* Foundation.framework */ = {isa = PBXFileReference; lastKnownFileType = wrapper.framework; name = Foundation.framework; path = /System/Library/Frameworks/Foundation.framework; sourceTree = "<absolute>"; };
		0867D6A5FE840307C02AAC07 /* AppKit.framework */ = {isa = PBXFileReference; lastKnownFileType = wrapper.framework; name = AppKit.framework; path = /System/Library/Frameworks/AppKit.framework; sourceTree = "<absolute>"; };
		089C1667FE841158C02AAC07 /* English */ = {isa = PBXFileReference; fileEncoding = 10; lastKnownFileType = text.plist.strings; name = English; path = English.lproj/InfoPlist.strings; sourceTree = "<group>"; };
		32DBCF5E0370ADEE00C91783 /* BIGL_Prefix.pch */ = {isa = PBXFileReference; fileEncoding = 4; lastKnownFileType = sourcecode.c.h; path = BIGL_Prefix.pch; sourceTree = "<group>"; };
		8DC2EF5A0486A6940098B216 /* Info.plist */ = {isa = PBXFileReference; fileEncoding = 4; lastKnownFileType = text.plist; path = Info.plist; sourceTree = "<group>"; };
		8DC2EF5B0486A6940098B216 /* BIGL.framework */ = {isa = PBXFileReference; explicitFileType = wrapper.framework; includeInIndex = 0; path = BIGL.framework; sourceTree = BUILT_PRODUCTS_DIR; };
/* End PBXFileReference section */

/* Begin PBXFrameworksBuildPhase section */
		8DC2EF560486A6940098B216 /* Frameworks */ = {
			isa = PBXFrameworksBuildPhase;
			buildActionMask = 2147483647;
			files = (
				0002399806933380007C44ED /* OpenGL.framework in Frameworks */,
				007FF97E06C6E07A006B684A /* Cocoa.framework in Frameworks */,
			);
			runOnlyForDeploymentPostprocessing = 0;
		};
/* End PBXFrameworksBuildPhase section */

/* Begin PBXGroup section */
		034768DFFF38A50411DB9C8B /* Products */ = {
			isa = PBXGroup;
			children = (
				8DC2EF5B0486A6940098B216 /* BIGL.framework */,
			);
			name = Products;
			sourceTree = "<group>";
		};
		0867D691FE84028FC02AAC07 /* BIGL */ = {
			isa = PBXGroup;
			children = (
				08FB77AEFE84172EC02AAC07 /* Classes */,
				32C88DFF0371C24200C91783 /* Other Sources */,
				089C1665FE841158C02AAC07 /* Resources */,
				0867D69AFE84028FC02AAC07 /* External Frameworks and Libraries */,
				034768DFFF38A50411DB9C8B /* Products */,
			);
			name = BIGL;
			sourceTree = "<group>";
		};
		0867D69AFE84028FC02AAC07 /* External Frameworks and Libraries */ = {
			isa = PBXGroup;
			children = (
				1058C7B0FEA5585E11CA2CBB /* Linked Frameworks */,
				1058C7B2FEA5585E11CA2CBB /* Other Frameworks */,
			);
			name = "External Frameworks and Libraries";
			sourceTree = "<group>";
		};
		089C1665FE841158C02AAC07 /* Resources */ = {
			isa = PBXGroup;
			children = (
				8DC2EF5A0486A6940098B216 /* Info.plist */,
				089C1666FE841158C02AAC07 /* InfoPlist.strings */,
			);
			name = Resources;
			sourceTree = "<group>";
		};
		08FB77AEFE84172EC02AAC07 /* Classes */ = {
			isa = PBXGroup;
			children = (
				000239B20693365E007C44ED /* BIGL.h */,
				000238DB06933029007C44ED /* BIGLView.h */,
				000238DC06933029007C44ED /* BIGLView.m */,
				00023ACA069347CC007C44ED /* BIGLSubView.h */,
				00023ACB069347CC007C44ED /* BIGLSubView.m */,
				00023AD406934F9B007C44ED /* BIGLTextView.h */,
				00023AD506934F9B007C44ED /* BIGLTextView.m */,
				00A299F60693EC1500E39953 /* BIGLPolyView.h */,
				00A299F70693EC1500E39953 /* BIGLPolyView.m */,
				00F514C606944F0500F4D67C /* BIGLLineView.h */,
				00F514C706944F0500F4D67C /* BIGLLineView.m */,
				00F514DD0694559400F4D67C /* BIGLImageView.h */,
				00F514DE0694559400F4D67C /* BIGLImageView.m */,
				00C1346F0694ACDB004F02A8 /* BIGLGraphView.h */,
				00C134700694ACDB004F02A8 /* BIGLGraphView.m */,
				005D98D9069D9BF900A4BA7B /* BIGLCocoaView.h */,
				005D98DA069D9BF900A4BA7B /* BIGLCocoaView.m */,
			);
			name = Classes;
			sourceTree = "<group>";
		};
		1058C7B0FEA5585E11CA2CBB /* Linked Frameworks */ = {
			isa = PBXGroup;
			children = (
				007FF97D06C6E07A006B684A /* Cocoa.framework */,
				0002399706933380007C44ED /* OpenGL.framework */,
			);
			name = "Linked Frameworks";
			sourceTree = "<group>";
		};
		1058C7B2FEA5585E11CA2CBB /* Other Frameworks */ = {
			isa = PBXGroup;
			children = (
				0867D69BFE84028FC02AAC07 /* Foundation.framework */,
				0867D6A5FE840307C02AAC07 /* AppKit.framework */,
			);
			name = "Other Frameworks";
			sourceTree = "<group>";
		};
		32C88DFF0371C24200C91783 /* Other Sources */ = {
			isa = PBXGroup;
			children = (
				32DBCF5E0370ADEE00C91783 /* BIGL_Prefix.pch */,
			);
			name = "Other Sources";
			sourceTree = "<group>";
		};
/* End PBXGroup section */

/* Begin PBXHeadersBuildPhase section */
		8DC2EF500486A6940098B216 /* Headers */ = {
			isa = PBXHeadersBuildPhase;
			buildActionMask = 2147483647;
			files = (
				00023A0206933D86007C44ED /* BIGL.h in Headers */,
				00023A0306933D86007C44ED /* BIGLView.h in Headers */,
				8DC2EF510486A6940098B216 /* BIGL_Prefix.pch in Headers */,
				00023ACC069347CC007C44ED /* BIGLSubView.h in Headers */,
				00023AD606934F9B007C44ED /* BIGLTextView.h in Headers */,
				00A299F80693EC1500E39953 /* BIGLPolyView.h in Headers */,
				00F514C806944F0500F4D67C /* BIGLLineView.h in Headers */,
				00F514DF0694559400F4D67C /* BIGLImageView.h in Headers */,
				00C134710694ACDB004F02A8 /* BIGLGraphView.h in Headers */,
				005D98DB069D9BF900A4BA7B /* BIGLCocoaView.h in Headers */,
			);
			runOnlyForDeploymentPostprocessing = 0;
		};
/* End PBXHeadersBuildPhase section */

/* Begin PBXNativeTarget section */
		8DC2EF4F0486A6940098B216 /* BIGL */ = {
			isa = PBXNativeTarget;
			buildConfigurationList = 00B4DCB7086C6A35009A8F23 /* Build configuration list for PBXNativeTarget "BIGL" */;
			buildPhases = (
				8DC2EF500486A6940098B216 /* Headers */,
				8DC2EF520486A6940098B216 /* Resources */,
				8DC2EF540486A6940098B216 /* Sources */,
				8DC2EF560486A6940098B216 /* Frameworks */,
				00F57A4306A875990035AE2F /* CopyFiles */,
			);
			buildRules = (
			);
			dependencies = (
			);
			name = BIGL;
			productInstallPath = "$(HOME)/Library/Frameworks";
			productName = GLCocoa;
			productReference = 8DC2EF5B0486A6940098B216 /* BIGL.framework */;
			productType = "com.apple.product-type.framework";
		};
/* End PBXNativeTarget section */

/* Begin PBXProject section */
		0867D690FE84028FC02AAC07 /* Project object */ = {
			isa = PBXProject;
			attributes = {
				LastUpgradeCheck = 0600;
			};
			buildConfigurationList = 00B4DCBB086C6A35009A8F23 /* Build configuration list for PBXProject "BIGL" */;
			compatibilityVersion = "Xcode 3.2";
			developmentRegion = English;
			hasScannedForEncodings = 1;
			knownRegions = (
				English,
				Japanese,
				French,
				German,
			);
			mainGroup = 0867D691FE84028FC02AAC07 /* BIGL */;
			productRefGroup = 034768DFFF38A50411DB9C8B /* Products */;
			projectDirPath = "";
			projectRoot = "";
			targets = (
				8DC2EF4F0486A6940098B216 /* BIGL */,
			);
		};
/* End PBXProject section */

/* Begin PBXResourcesBuildPhase section */
		8DC2EF520486A6940098B216 /* Resources */ = {
			isa = PBXResourcesBuildPhase;
			buildActionMask = 2147483647;
			files = (
				8DC2EF530486A6940098B216 /* InfoPlist.strings in Resources */,
			);
			runOnlyForDeploymentPostprocessing = 0;
		};
/* End PBXResourcesBuildPhase section */

/* Begin PBXSourcesBuildPhase section */
		8DC2EF540486A6940098B216 /* Sources */ = {
			isa = PBXSourcesBuildPhase;
			buildActionMask = 2147483647;
			files = (
				000238DE06933029007C44ED /* BIGLView.m in Sources */,
				00023ACD069347CC007C44ED /* BIGLSubView.m in Sources */,
				00023AD706934F9B007C44ED /* BIGLTextView.m in Sources */,
				00A299F90693EC1500E39953 /* BIGLPolyView.m in Sources */,
				00F514C906944F0500F4D67C /* BIGLLineView.m in Sources */,
				00F514E00694559400F4D67C /* BIGLImageView.m in Sources */,
				00C134720694ACDB004F02A8 /* BIGLGraphView.m in Sources */,
				005D98DC069D9BF900A4BA7B /* BIGLCocoaView.m in Sources */,
			);
			runOnlyForDeploymentPostprocessing = 0;
		};
/* End PBXSourcesBuildPhase section */

/* Begin PBXVariantGroup section */
		089C1666FE841158C02AAC07 /* InfoPlist.strings */ = {
			isa = PBXVariantGroup;
			children = (
				089C1667FE841158C02AAC07 /* English */,
			);
			name = InfoPlist.strings;
			sourceTree = "<group>";
		};
/* End PBXVariantGroup section */

/* Begin XCBuildConfiguration section */
		00B4DCB8086C6A35009A8F23 /* Debug */ = {
			isa = XCBuildConfiguration;
			buildSettings = {
				CLANG_ENABLE_OBJC_ARC = YES;
				COMBINE_HIDPI_IMAGES = YES;
				COPY_PHASE_STRIP = NO;
				DEAD_CODE_STRIPPING = YES;
				DEPLOYMENT_POSTPROCESSING = YES;
				DYLIB_COMPATIBILITY_VERSION = 1;
				DYLIB_CURRENT_VERSION = 1;
				FRAMEWORK_SEARCH_PATHS = "";
				FRAMEWORK_VERSION = A;
				GCC_DYNAMIC_NO_PIC = NO;
				GCC_ENABLE_TRIGRAPHS = NO;
				GCC_GENERATE_DEBUGGING_SYMBOLS = YES;
				GCC_INCREASE_PRECOMPILED_HEADER_SHARING = YES;
				GCC_OPTIMIZATION_LEVEL = 0;
				GCC_PRECOMPILE_PREFIX_HEADER = YES;
				GCC_PREFIX_HEADER = BIGL_Prefix.pch;
				GCC_WARN_ABOUT_MISSING_PROTOTYPES = NO;
				GCC_WARN_FOUR_CHARACTER_CONSTANTS = NO;
				GCC_WARN_UNKNOWN_PRAGMAS = NO;
				HEADER_SEARCH_PATHS = "";
				INFOPLIST_FILE = Info.plist;
				INSTALL_PATH = "@executable_path/../Frameworks";
				LIBRARY_SEARCH_PATHS = "";
				LIBRARY_STYLE = DYNAMIC;
				MACH_O_TYPE = mh_dylib;
				OTHER_CFLAGS = "";
				OTHER_LDFLAGS = (
					"-seg1addr",
					0x10000000,
				);
				PRIVATE_HEADERS_FOLDER_PATH = "";
				PRODUCT_NAME = BIGL;
				SECTORDER_FLAGS = "";
				SKIP_INSTALL = YES;
				WARNING_CFLAGS = (
					"-Wmost",
					"-Wno-four-char-constants",
					"-Wno-unknown-pragmas",
				);
				WRAPPER_EXTENSION = framework;
			};
			name = Debug;
		};
		00B4DCBC086C6A35009A8F23 /* Debug */ = {
			isa = XCBuildConfiguration;
			buildSettings = {
				ONLY_ACTIVE_ARCH = YES;
			};
			name = Debug;
		};
		69DFB5DA0F8B1675000E5AF7 /* Release */ = {
			isa = XCBuildConfiguration;
			buildSettings = {
			};
			name = Release;
		};
		69DFB5DB0F8B1675000E5AF7 /* Release */ = {
			isa = XCBuildConfiguration;
			buildSettings = {
				CLANG_ENABLE_OBJC_ARC = YES;
				COMBINE_HIDPI_IMAGES = YES;
				COPY_PHASE_STRIP = YES;
				DEAD_CODE_STRIPPING = YES;
				DEPLOYMENT_POSTPROCESSING = YES;
				DYLIB_COMPATIBILITY_VERSION = 1;
				DYLIB_CURRENT_VERSION = 1;
				FRAMEWORK_SEARCH_PATHS = "";
				FRAMEWORK_VERSION = A;
				GCC_ENABLE_TRIGRAPHS = NO;
				GCC_GENERATE_DEBUGGING_SYMBOLS = NO;
				GCC_INCREASE_PRECOMPILED_HEADER_SHARING = YES;
				GCC_PRECOMPILE_PREFIX_HEADER = YES;
				GCC_PREFIX_HEADER = BIGL_Prefix.pch;
				GCC_WARN_ABOUT_MISSING_PROTOTYPES = NO;
				GCC_WARN_FOUR_CHARACTER_CONSTANTS = NO;
				GCC_WARN_UNKNOWN_PRAGMAS = NO;
				HEADER_SEARCH_PATHS = "";
				INFOPLIST_FILE = Info.plist;
				INSTALL_PATH = "@executable_path/../Frameworks";
				LIBRARY_SEARCH_PATHS = "";
				LIBRARY_STYLE = DYNAMIC;
				MACH_O_TYPE = mh_dylib;
				OTHER_CFLAGS = "";
				OTHER_LDFLAGS = (
					"-seg1addr",
					0x10000000,
				);
				PRIVATE_HEADERS_FOLDER_PATH = "";
				PRODUCT_NAME = BIGL;
				SECTORDER_FLAGS = "";
				SKIP_INSTALL = YES;
				WARNING_CFLAGS = (
					"-Wmost",
					"-Wno-four-char-constants",
					"-Wno-unknown-pragmas",
				);
				WRAPPER_EXTENSION = framework;
			};
			name = Release;
		};
/* End XCBuildConfiguration section */

/* Begin XCConfigurationList section */
		00B4DCB7086C6A35009A8F23 /* Build configuration list for PBXNativeTarget "BIGL" */ = {
			isa = XCConfigurationList;
			buildConfigurations = (
				00B4DCB8086C6A35009A8F23 /* Debug */,
				69DFB5DB0F8B1675000E5AF7 /* Release */,
			);
			defaultConfigurationIsVisible = 0;
			defaultConfigurationName = Debug;
		};
		00B4DCBB086C6A35009A8F23 /* Build configuration list for PBXProject "BIGL" */ = {
			isa = XCConfigurationList;
			buildConfigurations = (
				00B4DCBC086C6A35009A8F23 /* Debug */,
				69DFB5DA0F8B1675000E5AF7 /* Release */,
			);
			defaultConfigurationIsVisible = 0;
			defaultConfigurationName = Debug;
		};
/* End XCConfigurationList section */
	};
	rootObject = 0867D690FE84028FC02AAC07 /* Project object */;
}
