// !$*UTF8*$!
{
	archiveVersion = 1;
	classes = {
	};
	objectVersion = 46;
	objects = {

/* Begin PBXBuildFile section */
		002E7A6C06A8625700C9D931 /* BLAuthentication.h in Headers */ = {isa = PBXBuildFile; fileRef = 002E7A6606A8625700C9D931 /* BLAuthentication.h */; settings = {ATTRIBUTES = (); }; };
		002E7A6D06A8625700C9D931 /* BLAuthentication.m in Sources */ = {isa = PBXBuildFile; fileRef = 002E7A6706A8625700C9D931 /* BLAuthentication.m */; };
		002E7A8206A865D500C9D931 /* Security.framework in Frameworks */ = {isa = PBXBuildFile; fileRef = 002E7A8106A865D500C9D931 /* Security.framework */; };
		002E7E4B06A874ED00C9D931 /* BINSExtensions.h in CopyFiles */ = {isa = PBXBuildFile; fileRef = 008E0F2006A441E60064AB5C /* BINSExtensions.h */; };
		002E7E4C06A874ED00C9D931 /* BIGeneric.h in CopyFiles */ = {isa = PBXBuildFile; fileRef = 00C135750695B632004F02A8 /* BIGeneric.h */; };
		002E7E4D06A874ED00C9D931 /* BIToolbar.h in CopyFiles */ = {isa = PBXBuildFile; fileRef = 00C135630695B3B6004F02A8 /* BIToolbar.h */; };
		002E7E4E06A874ED00C9D931 /* BIToolbarView.h in CopyFiles */ = {isa = PBXBuildFile; fileRef = 00C136010695D1AA004F02A8 /* BIToolbarView.h */; };
		002E7E4F06A874ED00C9D931 /* BIZoomView.h in CopyFiles */ = {isa = PBXBuildFile; fileRef = 00F15E4206975F6A00AF33BA /* BIZoomView.h */; };
		002E7E5006A874ED00C9D931 /* NSToolbar.h in CopyFiles */ = {isa = PBXBuildFile; fileRef = 00C1368E06960A97004F02A8 /* NSToolbar.h */; };
		002E7E5106A874FB00C9D931 /* BLAuthentication.h in CopyFiles */ = {isa = PBXBuildFile; fileRef = 002E7A6606A8625700C9D931 /* BLAuthentication.h */; };
		004A8B74069EC85F00CC8FAB /* NSBezierPath_AMAdditons.h in Headers */ = {isa = PBXBuildFile; fileRef = 004A8B6E069EC85F00CC8FAB /* NSBezierPath_AMAdditons.h */; };
		004A8B75069EC85F00CC8FAB /* NSBezierPath_AMAdditons.m in Sources */ = {isa = PBXBuildFile; fileRef = 004A8B6F069EC85F00CC8FAB /* NSBezierPath_AMAdditons.m */; };
		0057F2FA07A428BD00D2EF91 /* libz.dylib in Frameworks */ = {isa = PBXBuildFile; fileRef = 0057F2F907A428BD00D2EF91 /* libz.dylib */; };
		0057F2FC07A428CD00D2EF91 /* libcrypto.dylib in Frameworks */ = {isa = PBXBuildFile; fileRef = 0057F2FB07A428CD00D2EF91 /* libcrypto.dylib */; };
		008E0F2206A441E60064AB5C /* BINSExtensions.h in Headers */ = {isa = PBXBuildFile; fileRef = 008E0F2006A441E60064AB5C /* BINSExtensions.h */; settings = {ATTRIBUTES = (); }; };
		008E0F2306A441E60064AB5C /* BINSExtensions.m in Sources */ = {isa = PBXBuildFile; fileRef = 008E0F2106A441E60064AB5C /* BINSExtensions.m */; };
		0090B52707B289E7005FEEB1 /* BICompressor.h in CopyFiles */ = {isa = PBXBuildFile; fileRef = 0090B52507B289E7005FEEB1 /* BICompressor.h */; };
		0090B52807B289E7005FEEB1 /* BICompressor.m in Sources */ = {isa = PBXBuildFile; fileRef = 0090B52607B289E7005FEEB1 /* BICompressor.m */; };
		0090B6D407B29140005FEEB1 /* BICompressor.h in Headers */ = {isa = PBXBuildFile; fileRef = 0090B52507B289E7005FEEB1 /* BICompressor.h */; };
		0090B74C07B29DE7005FEEB1 /* BIDecompressor.h in Headers */ = {isa = PBXBuildFile; fileRef = 0090B74A07B29DE7005FEEB1 /* BIDecompressor.h */; };
		0090B74D07B29DE7005FEEB1 /* BIDecompressor.mm in Sources */ = {isa = PBXBuildFile; fileRef = 0090B74B07B29DE7005FEEB1 /* BIDecompressor.mm */; };
		0090B75807B2A06D005FEEB1 /* BIDecompressor.h in CopyFiles */ = {isa = PBXBuildFile; fileRef = 0090B74A07B29DE7005FEEB1 /* BIDecompressor.h */; };
		00C135650695B3B6004F02A8 /* BIToolbar.h in Headers */ = {isa = PBXBuildFile; fileRef = 00C135630695B3B6004F02A8 /* BIToolbar.h */; settings = {ATTRIBUTES = (); }; };
		00C135660695B3B6004F02A8 /* BIToolbar.m in Sources */ = {isa = PBXBuildFile; fileRef = 00C135640695B3B6004F02A8 /* BIToolbar.m */; };
		00C135760695B632004F02A8 /* BIGeneric.h in Headers */ = {isa = PBXBuildFile; fileRef = 00C135750695B632004F02A8 /* BIGeneric.h */; settings = {ATTRIBUTES = (); }; };
		00C136030695D1AA004F02A8 /* BIToolbarView.h in Headers */ = {isa = PBXBuildFile; fileRef = 00C136010695D1AA004F02A8 /* BIToolbarView.h */; settings = {ATTRIBUTES = (); }; };
		00C136040695D1AA004F02A8 /* BIToolbarView.m in Sources */ = {isa = PBXBuildFile; fileRef = 00C136020695D1AA004F02A8 /* BIToolbarView.m */; };
		00C1368C0695E1DF004F02A8 /* NSToolbarView.h in Headers */ = {isa = PBXBuildFile; fileRef = 00C1368B0695E1DF004F02A8 /* NSToolbarView.h */; };
		00C1368F06960A97004F02A8 /* NSToolbar.h in Headers */ = {isa = PBXBuildFile; fileRef = 00C1368E06960A97004F02A8 /* NSToolbar.h */; settings = {ATTRIBUTES = (); }; };
		00F0FF6B06AD499B006D4119 /* BISpeechController.h in Headers */ = {isa = PBXBuildFile; fileRef = 00F0FF6906AD499B006D4119 /* BISpeechController.h */; };
		00F0FF6C06AD499B006D4119 /* BISpeechController.m in Sources */ = {isa = PBXBuildFile; fileRef = 00F0FF6A06AD499B006D4119 /* BISpeechController.m */; };
		00F0FF6D06AD4CFE006D4119 /* BISpeechController.h in CopyFiles */ = {isa = PBXBuildFile; fileRef = 00F0FF6906AD499B006D4119 /* BISpeechController.h */; };
		00F15E4406975F6A00AF33BA /* BIZoomView.h in Headers */ = {isa = PBXBuildFile; fileRef = 00F15E4206975F6A00AF33BA /* BIZoomView.h */; settings = {ATTRIBUTES = (); }; };
		00F15E4506975F6A00AF33BA /* BIZoomView.m in Sources */ = {isa = PBXBuildFile; fileRef = 00F15E4306975F6A00AF33BA /* BIZoomView.m */; };
		00F57B1A06A87A0C0035AE2F /* BIValuePair.h in Headers */ = {isa = PBXBuildFile; fileRef = 00F57B1806A87A0C0035AE2F /* BIValuePair.h */; };
		00F57B1B06A87A0C0035AE2F /* BIValuePair.m in Sources */ = {isa = PBXBuildFile; fileRef = 00F57B1906A87A0C0035AE2F /* BIValuePair.m */; };
		00F57B8206A87BBD0035AE2F /* BIValuePair.h in CopyFiles */ = {isa = PBXBuildFile; fileRef = 00F57B1806A87A0C0035AE2F /* BIValuePair.h */; };
		00F57CC006A99EBA0035AE2F /* Carbon.framework in Frameworks */ = {isa = PBXBuildFile; fileRef = 00F57CBF06A99EBA0035AE2F /* Carbon.framework */; };
		8DC2EF510486A6940098B216 /* BIGeneric_Prefix.pch in Headers */ = {isa = PBXBuildFile; fileRef = 32DBCF5E0370ADEE00C91783 /* BIGeneric_Prefix.pch */; settings = {ATTRIBUTES = (); }; };
		8DC2EF530486A6940098B216 /* InfoPlist.strings in Resources */ = {isa = PBXBuildFile; fileRef = 089C1666FE841158C02AAC07 /* InfoPlist.strings */; };
		8DC2EF570486A6940098B216 /* Cocoa.framework in Frameworks */ = {isa = PBXBuildFile; fileRef = 1058C7B1FEA5585E11CA2CBB /* Cocoa.framework */; };
		A5282F131608B0BB00F56AE3 /* BIGL.framework in Frameworks */ = {isa = PBXBuildFile; fileRef = A5282F101608B0A800F56AE3 /* BIGL.framework */; };
/* End PBXBuildFile section */

/* Begin PBXContainerItemProxy section */
		A5282F0F1608B0A800F56AE3 /* PBXContainerItemProxy */ = {
			isa = PBXContainerItemProxy;
			containerPortal = A5282F081608B0A800F56AE3 /* BIGL.xcodeproj */;
			proxyType = 2;
			remoteGlobalIDString = 8DC2EF5B0486A6940098B216;
			remoteInfo = BIGL;
		};
		A5282F111608B0B500F56AE3 /* PBXContainerItemProxy */ = {
			isa = PBXContainerItemProxy;
			containerPortal = A5282F081608B0A800F56AE3 /* BIGL.xcodeproj */;
			proxyType = 1;
			remoteGlobalIDString = 8DC2EF4F0486A6940098B216;
			remoteInfo = BIGL;
		};
/* End PBXContainerItemProxy section */

/* Begin PBXCopyFilesBuildPhase section */
		002E7E4A06A874BC00C9D931 /* CopyFiles */ = {
			isa = PBXCopyFilesBuildPhase;
			buildActionMask = 2147483647;
			dstPath = Headers;
			dstSubfolderSpec = 1;
			files = (
				0090B75807B2A06D005FEEB1 /* BIDecompressor.h in CopyFiles */,
				0090B52707B289E7005FEEB1 /* BICompressor.h in CopyFiles */,
				00F0FF6D06AD4CFE006D4119 /* BISpeechController.h in CopyFiles */,
				00F57B8206A87BBD0035AE2F /* BIValuePair.h in CopyFiles */,
				002E7E5106A874FB00C9D931 /* BLAuthentication.h in CopyFiles */,
				002E7E4B06A874ED00C9D931 /* BINSExtensions.h in CopyFiles */,
				002E7E4C06A874ED00C9D931 /* BIGeneric.h in CopyFiles */,
				002E7E4D06A874ED00C9D931 /* BIToolbar.h in CopyFiles */,
				002E7E4E06A874ED00C9D931 /* BIToolbarView.h in CopyFiles */,
				002E7E4F06A874ED00C9D931 /* BIZoomView.h in CopyFiles */,
				002E7E5006A874ED00C9D931 /* NSToolbar.h in CopyFiles */,
			);
			runOnlyForDeploymentPostprocessing = 0;
		};
/* End PBXCopyFilesBuildPhase section */

/* Begin PBXFileReference section */
		002E7A6606A8625700C9D931 /* BLAuthentication.h */ = {isa = PBXFileReference; fileEncoding = 30; lastKnownFileType = sourcecode.c.h; path = BLAuthentication.h; sourceTree = "<group>"; };
		002E7A6706A8625700C9D931 /* BLAuthentication.m */ = {isa = PBXFileReference; fileEncoding = 30; lastKnownFileType = sourcecode.c.objc; path = BLAuthentication.m; sourceTree = "<group>"; };
		002E7A8106A865D500C9D931 /* Security.framework */ = {isa = PBXFileReference; lastKnownFileType = wrapper.framework; name = Security.framework; path = /System/Library/Frameworks/Security.framework; sourceTree = "<absolute>"; };
		004A8B6E069EC85F00CC8FAB /* NSBezierPath_AMAdditons.h */ = {isa = PBXFileReference; fileEncoding = 30; lastKnownFileType = sourcecode.c.h; path = NSBezierPath_AMAdditons.h; sourceTree = "<group>"; };
		004A8B6F069EC85F00CC8FAB /* NSBezierPath_AMAdditons.m */ = {isa = PBXFileReference; fileEncoding = 30; lastKnownFileType = sourcecode.c.objc; path = NSBezierPath_AMAdditons.m; sourceTree = "<group>"; };
		0057F2F907A428BD00D2EF91 /* libz.dylib */ = {isa = PBXFileReference; lastKnownFileType = "compiled.mach-o.dylib"; name = libz.dylib; path = /usr/lib/libz.dylib; sourceTree = "<absolute>"; };
		0057F2FB07A428CD00D2EF91 /* libcrypto.dylib */ = {isa = PBXFileReference; lastKnownFileType = "compiled.mach-o.dylib"; name = libcrypto.dylib; path = /usr/lib/libcrypto.dylib; sourceTree = "<absolute>"; };
		005D9B14069DB00100A4BA7B /* BIGL.framework */ = {isa = PBXFileReference; lastKnownFileType = wrapper.framework; name = BIGL.framework; path = ../files/BIGL.framework; sourceTree = SOURCE_ROOT; };
		008E0F2006A441E60064AB5C /* BINSExtensions.h */ = {isa = PBXFileReference; fileEncoding = 4; lastKnownFileType = sourcecode.c.h; path = BINSExtensions.h; sourceTree = "<group>"; };
		008E0F2106A441E60064AB5C /* BINSExtensions.m */ = {isa = PBXFileReference; fileEncoding = 4; lastKnownFileType = sourcecode.c.objc; path = BINSExtensions.m; sourceTree = "<group>"; };
		0090B52507B289E7005FEEB1 /* BICompressor.h */ = {isa = PBXFileReference; fileEncoding = 4; lastKnownFileType = sourcecode.c.h; path = BICompressor.h; sourceTree = "<group>"; };
		0090B52607B289E7005FEEB1 /* BICompressor.m */ = {isa = PBXFileReference; fileEncoding = 4; lastKnownFileType = sourcecode.c.objc; path = BICompressor.m; sourceTree = "<group>"; };
		0090B74A07B29DE7005FEEB1 /* BIDecompressor.h */ = {isa = PBXFileReference; fileEncoding = 4; lastKnownFileType = sourcecode.c.h; path = BIDecompressor.h; sourceTree = "<group>"; };
		0090B74B07B29DE7005FEEB1 /* BIDecompressor.mm */ = {isa = PBXFileReference; fileEncoding = 4; lastKnownFileType = sourcecode.cpp.objcpp; path = BIDecompressor.mm; sourceTree = "<group>"; };
		00C135630695B3B6004F02A8 /* BIToolbar.h */ = {isa = PBXFileReference; fileEncoding = 4; lastKnownFileType = sourcecode.c.h; path = BIToolbar.h; sourceTree = "<group>"; };
		00C135640695B3B6004F02A8 /* BIToolbar.m */ = {isa = PBXFileReference; fileEncoding = 4; lastKnownFileType = sourcecode.c.objc; path = BIToolbar.m; sourceTree = "<group>"; };
		00C135750695B632004F02A8 /* BIGeneric.h */ = {isa = PBXFileReference; fileEncoding = 4; lastKnownFileType = sourcecode.c.h; path = BIGeneric.h; sourceTree = "<group>"; };
		00C136010695D1AA004F02A8 /* BIToolbarView.h */ = {isa = PBXFileReference; fileEncoding = 4; lastKnownFileType = sourcecode.c.h; path = BIToolbarView.h; sourceTree = "<group>"; };
		00C136020695D1AA004F02A8 /* BIToolbarView.m */ = {isa = PBXFileReference; fileEncoding = 4; lastKnownFileType = sourcecode.c.objc; path = BIToolbarView.m; sourceTree = "<group>"; };
		00C1368B0695E1DF004F02A8 /* NSToolbarView.h */ = {isa = PBXFileReference; fileEncoding = 4; lastKnownFileType = sourcecode.c.h; path = NSToolbarView.h; sourceTree = "<group>"; };
		00C1368E06960A97004F02A8 /* NSToolbar.h */ = {isa = PBXFileReference; fileEncoding = 4; lastKnownFileType = sourcecode.c.h; path = NSToolbar.h; sourceTree = "<group>"; };
		00F0FF6906AD499B006D4119 /* BISpeechController.h */ = {isa = PBXFileReference; fileEncoding = 4; lastKnownFileType = sourcecode.c.h; path = BISpeechController.h; sourceTree = "<group>"; };
		00F0FF6A06AD499B006D4119 /* BISpeechController.m */ = {isa = PBXFileReference; fileEncoding = 4; lastKnownFileType = sourcecode.c.objc; path = BISpeechController.m; sourceTree = "<group>"; };
		00F15E4206975F6A00AF33BA /* BIZoomView.h */ = {isa = PBXFileReference; fileEncoding = 4; lastKnownFileType = sourcecode.c.h; path = BIZoomView.h; sourceTree = "<group>"; };
		00F15E4306975F6A00AF33BA /* BIZoomView.m */ = {isa = PBXFileReference; fileEncoding = 4; lastKnownFileType = sourcecode.c.objc; path = BIZoomView.m; sourceTree = "<group>"; };
		00F57B1806A87A0C0035AE2F /* BIValuePair.h */ = {isa = PBXFileReference; fileEncoding = 30; lastKnownFileType = sourcecode.c.h; path = BIValuePair.h; sourceTree = "<group>"; };
		00F57B1906A87A0C0035AE2F /* BIValuePair.m */ = {isa = PBXFileReference; fileEncoding = 30; lastKnownFileType = sourcecode.c.objc; path = BIValuePair.m; sourceTree = "<group>"; };
		00F57CBF06A99EBA0035AE2F /* Carbon.framework */ = {isa = PBXFileReference; lastKnownFileType = wrapper.framework; name = Carbon.framework; path = /System/Library/Frameworks/Carbon.framework; sourceTree = "<absolute>"; };
		0867D69BFE84028FC02AAC07 /* Foundation.framework */ = {isa = PBXFileReference; lastKnownFileType = wrapper.framework; name = Foundation.framework; path = /System/Library/Frameworks/Foundation.framework; sourceTree = "<absolute>"; };
		0867D6A5FE840307C02AAC07 /* AppKit.framework */ = {isa = PBXFileReference; lastKnownFileType = wrapper.framework; name = AppKit.framework; path = /System/Library/Frameworks/AppKit.framework; sourceTree = "<absolute>"; };
		089C1667FE841158C02AAC07 /* English */ = {isa = PBXFileReference; fileEncoding = 10; lastKnownFileType = text.plist.strings; name = English; path = English.lproj/InfoPlist.strings; sourceTree = "<group>"; };
		1058C7B1FEA5585E11CA2CBB /* Cocoa.framework */ = {isa = PBXFileReference; lastKnownFileType = wrapper.framework; name = Cocoa.framework; path = /System/Library/Frameworks/Cocoa.framework; sourceTree = "<absolute>"; };
		32DBCF5E0370ADEE00C91783 /* BIGeneric_Prefix.pch */ = {isa = PBXFileReference; fileEncoding = 4; lastKnownFileType = sourcecode.c.h; path = BIGeneric_Prefix.pch; sourceTree = "<group>"; };
		8DC2EF5A0486A6940098B216 /* Info.plist */ = {isa = PBXFileReference; fileEncoding = 4; lastKnownFileType = text.plist; path = Info.plist; sourceTree = "<group>"; };
		8DC2EF5B0486A6940098B216 /* BIGeneric.framework */ = {isa = PBXFileReference; explicitFileType = wrapper.framework; includeInIndex = 0; path = BIGeneric.framework; sourceTree = BUILT_PRODUCTS_DIR; };
		A5282F081608B0A800F56AE3 /* BIGL.xcodeproj */ = {isa = PBXFileReference; lastKnownFileType = "wrapper.pb-project"; name = BIGL.xcodeproj; path = ../BIGL/BIGL.xcodeproj; sourceTree = "<group>"; };
		A52A0E26196C0E9200800C1B /* ApplicationServices.framework */ = {isa = PBXFileReference; lastKnownFileType = wrapper.framework; name = ApplicationServices.framework; path = System/Library/Frameworks/ApplicationServices.framework; sourceTree = SDKROOT; };
/* End PBXFileReference section */

/* Begin PBXFrameworksBuildPhase section */
		8DC2EF560486A6940098B216 /* Frameworks */ = {
			isa = PBXFrameworksBuildPhase;
			buildActionMask = 2147483647;
			files = (
				A5282F131608B0BB00F56AE3 /* BIGL.framework in Frameworks */,
				8DC2EF570486A6940098B216 /* Cocoa.framework in Frameworks */,
				002E7A8206A865D500C9D931 /* Security.framework in Frameworks */,
				00F57CC006A99EBA0035AE2F /* Carbon.framework in Frameworks */,
				0057F2FA07A428BD00D2EF91 /* libz.dylib in Frameworks */,
				0057F2FC07A428CD00D2EF91 /* libcrypto.dylib in Frameworks */,
			);
			runOnlyForDeploymentPostprocessing = 0;
		};
/* End PBXFrameworksBuildPhase section */

/* Begin PBXGroup section */
		002E7A7206A8626200C9D931 /* 3rd Party Code */ = {
			isa = PBXGroup;
			children = (
				002E7A6606A8625700C9D931 /* BLAuthentication.h */,
				002E7A6706A8625700C9D931 /* BLAuthentication.m */,
				004A8B6E069EC85F00CC8FAB /* NSBezierPath_AMAdditons.h */,
				004A8B6F069EC85F00CC8FAB /* NSBezierPath_AMAdditons.m */,
			);
			name = "3rd Party Code";
			sourceTree = "<group>";
		};
		034768DFFF38A50411DB9C8B /* Products */ = {
			isa = PBXGroup;
			children = (
				8DC2EF5B0486A6940098B216 /* BIGeneric.framework */,
			);
			name = Products;
			sourceTree = "<group>";
		};
		0867D691FE84028FC02AAC07 /* BIGeneric */ = {
			isa = PBXGroup;
			children = (
				A52A0E26196C0E9200800C1B /* ApplicationServices.framework */,
				08FB77AEFE84172EC02AAC07 /* Classes */,
				32C88DFF0371C24200C91783 /* Other Sources */,
				089C1665FE841158C02AAC07 /* Resources */,
				0867D69AFE84028FC02AAC07 /* External Frameworks and Libraries */,
				034768DFFF38A50411DB9C8B /* Products */,
				A5282F081608B0A800F56AE3 /* BIGL.xcodeproj */,
			);
			name = BIGeneric;
			sourceTree = "<group>";
		};
		0867D69AFE84028FC02AAC07 /* External Frameworks and Libraries */ = {
			isa = PBXGroup;
			children = (
				1058C7B0FEA5585E11CA2CBB /* Linked Frameworks */,
				1058C7B2FEA5585E11CA2CBB /* Other Frameworks */,
			);
			name = "External Frameworks and Libraries";
			sourceTree = "<group>";
		};
		089C1665FE841158C02AAC07 /* Resources */ = {
			isa = PBXGroup;
			children = (
				8DC2EF5A0486A6940098B216 /* Info.plist */,
				089C1666FE841158C02AAC07 /* InfoPlist.strings */,
			);
			name = Resources;
			sourceTree = "<group>";
		};
		08FB77AEFE84172EC02AAC07 /* Classes */ = {
			isa = PBXGroup;
			children = (
				002E7A7206A8626200C9D931 /* 3rd Party Code */,
				0090B52507B289E7005FEEB1 /* BICompressor.h */,
				0090B52607B289E7005FEEB1 /* BICompressor.m */,
				0090B74A07B29DE7005FEEB1 /* BIDecompressor.h */,
				0090B74B07B29DE7005FEEB1 /* BIDecompressor.mm */,
				008E0F2006A441E60064AB5C /* BINSExtensions.h */,
				008E0F2106A441E60064AB5C /* BINSExtensions.m */,
				00C135750695B632004F02A8 /* BIGeneric.h */,
				00C135630695B3B6004F02A8 /* BIToolbar.h */,
				00C135640695B3B6004F02A8 /* BIToolbar.m */,
				00F0FF6906AD499B006D4119 /* BISpeechController.h */,
				00F0FF6A06AD499B006D4119 /* BISpeechController.m */,
				00C136010695D1AA004F02A8 /* BIToolbarView.h */,
				00C136020695D1AA004F02A8 /* BIToolbarView.m */,
				00F57B1806A87A0C0035AE2F /* BIValuePair.h */,
				00F57B1906A87A0C0035AE2F /* BIValuePair.m */,
				00F15E4206975F6A00AF33BA /* BIZoomView.h */,
				00F15E4306975F6A00AF33BA /* BIZoomView.m */,
				00C1368B0695E1DF004F02A8 /* NSToolbarView.h */,
				00C1368E06960A97004F02A8 /* NSToolbar.h */,
			);
			name = Classes;
			sourceTree = "<group>";
		};
		1058C7B0FEA5585E11CA2CBB /* Linked Frameworks */ = {
			isa = PBXGroup;
			children = (
				0057F2FB07A428CD00D2EF91 /* libcrypto.dylib */,
				0057F2F907A428BD00D2EF91 /* libz.dylib */,
				00F57CBF06A99EBA0035AE2F /* Carbon.framework */,
				002E7A8106A865D500C9D931 /* Security.framework */,
				005D9B14069DB00100A4BA7B /* BIGL.framework */,
				1058C7B1FEA5585E11CA2CBB /* Cocoa.framework */,
			);
			name = "Linked Frameworks";
			sourceTree = "<group>";
		};
		1058C7B2FEA5585E11CA2CBB /* Other Frameworks */ = {
			isa = PBXGroup;
			children = (
				0867D69BFE84028FC02AAC07 /* Foundation.framework */,
				0867D6A5FE840307C02AAC07 /* AppKit.framework */,
			);
			name = "Other Frameworks";
			sourceTree = "<group>";
		};
		32C88DFF0371C24200C91783 /* Other Sources */ = {
			isa = PBXGroup;
			children = (
				32DBCF5E0370ADEE00C91783 /* BIGeneric_Prefix.pch */,
			);
			name = "Other Sources";
			sourceTree = "<group>";
		};
		A5282F091608B0A800F56AE3 /* Products */ = {
			isa = PBXGroup;
			children = (
				A5282F101608B0A800F56AE3 /* BIGL.framework */,
			);
			name = Products;
			sourceTree = "<group>";
		};
/* End PBXGroup section */

/* Begin PBXHeadersBuildPhase section */
		8DC2EF500486A6940098B216 /* Headers */ = {
			isa = PBXHeadersBuildPhase;
			buildActionMask = 2147483647;
			files = (
				0090B6D407B29140005FEEB1 /* BICompressor.h in Headers */,
				8DC2EF510486A6940098B216 /* BIGeneric_Prefix.pch in Headers */,
				00C135650695B3B6004F02A8 /* BIToolbar.h in Headers */,
				00C135760695B632004F02A8 /* BIGeneric.h in Headers */,
				00C136030695D1AA004F02A8 /* BIToolbarView.h in Headers */,
				00C1368C0695E1DF004F02A8 /* NSToolbarView.h in Headers */,
				00C1368F06960A97004F02A8 /* NSToolbar.h in Headers */,
				00F15E4406975F6A00AF33BA /* BIZoomView.h in Headers */,
				004A8B74069EC85F00CC8FAB /* NSBezierPath_AMAdditons.h in Headers */,
				008E0F2206A441E60064AB5C /* BINSExtensions.h in Headers */,
				002E7A6C06A8625700C9D931 /* BLAuthentication.h in Headers */,
				00F57B1A06A87A0C0035AE2F /* BIValuePair.h in Headers */,
				00F0FF6B06AD499B006D4119 /* BISpeechController.h in Headers */,
				0090B74C07B29DE7005FEEB1 /* BIDecompressor.h in Headers */,
			);
			runOnlyForDeploymentPostprocessing = 0;
		};
/* End PBXHeadersBuildPhase section */

/* Begin PBXNativeTarget section */
		8DC2EF4F0486A6940098B216 /* BIGeneric */ = {
			isa = PBXNativeTarget;
			buildConfigurationList = 00B4DCCA086C6B8F009A8F23 /* Build configuration list for PBXNativeTarget "BIGeneric" */;
			buildPhases = (
				8DC2EF500486A6940098B216 /* Headers */,
				8DC2EF520486A6940098B216 /* Resources */,
				8DC2EF540486A6940098B216 /* Sources */,
				8DC2EF560486A6940098B216 /* Frameworks */,
				002E7E4A06A874BC00C9D931 /* CopyFiles */,
			);
			buildRules = (
			);
			dependencies = (
				A5282F121608B0B500F56AE3 /* PBXTargetDependency */,
			);
			name = BIGeneric;
			productInstallPath = "$(HOME)/Library/Frameworks";
			productName = BIGeneric;
			productReference = 8DC2EF5B0486A6940098B216 /* BIGeneric.framework */;
			productType = "com.apple.product-type.framework";
		};
/* End PBXNativeTarget section */

/* Begin PBXProject section */
		0867D690FE84028FC02AAC07 /* Project object */ = {
			isa = PBXProject;
			attributes = {
				LastUpgradeCheck = 0600;
			};
			buildConfigurationList = 00B4DCCE086C6B8F009A8F23 /* Build configuration list for PBXProject "BIGeneric" */;
			compatibilityVersion = "Xcode 3.2";
			developmentRegion = English;
			hasScannedForEncodings = 1;
			knownRegions = (
				English,
				Japanese,
				French,
				German,
			);
			mainGroup = 0867D691FE84028FC02AAC07 /* BIGeneric */;
			productRefGroup = 034768DFFF38A50411DB9C8B /* Products */;
			projectDirPath = "";
			projectReferences = (
				{
					ProductGroup = A5282F091608B0A800F56AE3 /* Products */;
					ProjectRef = A5282F081608B0A800F56AE3 /* BIGL.xcodeproj */;
				},
			);
			projectRoot = "";
			targets = (
				8DC2EF4F0486A6940098B216 /* BIGeneric */,
			);
		};
/* End PBXProject section */

/* Begin PBXReferenceProxy section */
		A5282F101608B0A800F56AE3 /* BIGL.framework */ = {
			isa = PBXReferenceProxy;
			fileType = wrapper.framework;
			path = BIGL.framework;
			remoteRef = A5282F0F1608B0A800F56AE3 /* PBXContainerItemProxy */;
			sourceTree = BUILT_PRODUCTS_DIR;
		};
/* End PBXReferenceProxy section */

/* Begin PBXResourcesBuildPhase section */
		8DC2EF520486A6940098B216 /* Resources */ = {
			isa = PBXResourcesBuildPhase;
			buildActionMask = 2147483647;
			files = (
				8DC2EF530486A6940098B216 /* InfoPlist.strings in Resources */,
			);
			runOnlyForDeploymentPostprocessing = 0;
		};
/* End PBXResourcesBuildPhase section */

/* Begin PBXSourcesBuildPhase section */
		8DC2EF540486A6940098B216 /* Sources */ = {
			isa = PBXSourcesBuildPhase;
			buildActionMask = 2147483647;
			files = (
				00C135660695B3B6004F02A8 /* BIToolbar.m in Sources */,
				00C136040695D1AA004F02A8 /* BIToolbarView.m in Sources */,
				00F15E4506975F6A00AF33BA /* BIZoomView.m in Sources */,
				004A8B75069EC85F00CC8FAB /* NSBezierPath_AMAdditons.m in Sources */,
				008E0F2306A441E60064AB5C /* BINSExtensions.m in Sources */,
				002E7A6D06A8625700C9D931 /* BLAuthentication.m in Sources */,
				00F57B1B06A87A0C0035AE2F /* BIValuePair.m in Sources */,
				00F0FF6C06AD499B006D4119 /* BISpeechController.m in Sources */,
				0090B52807B289E7005FEEB1 /* BICompressor.m in Sources */,
				0090B74D07B29DE7005FEEB1 /* BIDecompressor.mm in Sources */,
			);
			runOnlyForDeploymentPostprocessing = 0;
		};
/* End PBXSourcesBuildPhase section */

/* Begin PBXTargetDependency section */
		A5282F121608B0B500F56AE3 /* PBXTargetDependency */ = {
			isa = PBXTargetDependency;
			name = BIGL;
			targetProxy = A5282F111608B0B500F56AE3 /* PBXContainerItemProxy */;
		};
/* End PBXTargetDependency section */

/* Begin PBXVariantGroup section */
		089C1666FE841158C02AAC07 /* InfoPlist.strings */ = {
			isa = PBXVariantGroup;
			children = (
				089C1667FE841158C02AAC07 /* English */,
			);
			name = InfoPlist.strings;
			sourceTree = "<group>";
		};
/* End PBXVariantGroup section */

/* Begin XCBuildConfiguration section */
		00B4DCCB086C6B8F009A8F23 /* Debug */ = {
			isa = XCBuildConfiguration;
			buildSettings = {
				CLANG_ENABLE_OBJC_ARC = YES;
				COMBINE_HIDPI_IMAGES = YES;
				COPY_PHASE_STRIP = NO;
				DYLIB_COMPATIBILITY_VERSION = 1;
				DYLIB_CURRENT_VERSION = 1;
				FRAMEWORK_VERSION = A;
				GCC_DYNAMIC_NO_PIC = NO;
				GCC_ENABLE_TRIGRAPHS = NO;
				GCC_GENERATE_DEBUGGING_SYMBOLS = YES;
				GCC_OPTIMIZATION_LEVEL = 0;
				GCC_PRECOMPILE_PREFIX_HEADER = YES;
				GCC_PREFIX_HEADER = BIGeneric_Prefix.pch;
				GCC_WARN_ABOUT_MISSING_PROTOTYPES = NO;
				GCC_WARN_FOUR_CHARACTER_CONSTANTS = NO;
				GCC_WARN_UNKNOWN_PRAGMAS = NO;
				HEADER_SEARCH_PATHS = "";
				INFOPLIST_FILE = Info.plist;
				INSTALL_PATH = "@executable_path/../Frameworks";
				LIBRARY_SEARCH_PATHS = "";
				LIBRARY_STYLE = Dynamic;
				MACH_O_TYPE = mh_dylib;
				OTHER_CFLAGS = "";
				OTHER_LDFLAGS = (
					"-seg1addr",
					0x11000000,
				);
				PRODUCT_NAME = BIGeneric;
				SECTORDER_FLAGS = "";
				SKIP_INSTALL = YES;
				WARNING_CFLAGS = (
					"-Wmost",
					"-Wno-four-char-constants",
					"-Wno-unknown-pragmas",
				);
				WRAPPER_EXTENSION = framework;
			};
			name = Debug;
		};
		00B4DCCF086C6B8F009A8F23 /* Debug */ = {
			isa = XCBuildConfiguration;
			buildSettings = {
				ONLY_ACTIVE_ARCH = YES;
			};
			name = Debug;
		};
		69DFB5E60F8B1681000E5AF7 /* Release */ = {
			isa = XCBuildConfiguration;
			buildSettings = {
			};
			name = Release;
		};
		69DFB5E70F8B1681000E5AF7 /* Release */ = {
			isa = XCBuildConfiguration;
			buildSettings = {
				CLANG_ENABLE_OBJC_ARC = YES;
				COMBINE_HIDPI_IMAGES = YES;
				COPY_PHASE_STRIP = YES;
				DEPLOYMENT_LOCATION = NO;
				DYLIB_COMPATIBILITY_VERSION = 1;
				DYLIB_CURRENT_VERSION = 1;
				FRAMEWORK_VERSION = A;
				GCC_ENABLE_TRIGRAPHS = NO;
				GCC_GENERATE_DEBUGGING_SYMBOLS = NO;
				GCC_PRECOMPILE_PREFIX_HEADER = YES;
				GCC_PREFIX_HEADER = BIGeneric_Prefix.pch;
				GCC_WARN_ABOUT_MISSING_PROTOTYPES = NO;
				GCC_WARN_FOUR_CHARACTER_CONSTANTS = NO;
				GCC_WARN_UNKNOWN_PRAGMAS = NO;
				HEADER_SEARCH_PATHS = "";
				INFOPLIST_FILE = Info.plist;
				INSTALL_PATH = "@executable_path/../Frameworks";
				LIBRARY_SEARCH_PATHS = "";
				LIBRARY_STYLE = Dynamic;
				MACH_O_TYPE = mh_dylib;
				OTHER_CFLAGS = "";
				OTHER_LDFLAGS = (
					"-seg1addr",
					0x11000000,
				);
				PRODUCT_NAME = BIGeneric;
				SECTORDER_FLAGS = "";
				SKIP_INSTALL = YES;
				WARNING_CFLAGS = (
					"-Wmost",
					"-Wno-four-char-constants",
					"-Wno-unknown-pragmas",
				);
				WRAPPER_EXTENSION = framework;
			};
			name = Release;
		};
/* End XCBuildConfiguration section */

/* Begin XCConfigurationList section */
		00B4DCCA086C6B8F009A8F23 /* Build configuration list for PBXNativeTarget "BIGeneric" */ = {
			isa = XCConfigurationList;
			buildConfigurations = (
				00B4DCCB086C6B8F009A8F23 /* Debug */,
				69DFB5E70F8B1681000E5AF7 /* Release */,
			);
			defaultConfigurationIsVisible = 0;
			defaultConfigurationName = Debug;
		};
		00B4DCCE086C6B8F009A8F23 /* Build configuration list for PBXProject "BIGeneric" */ = {
			isa = XCConfigurationList;
			buildConfigurations = (
				00B4DCCF086C6B8F009A8F23 /* Debug */,
				69DFB5E60F8B1681000E5AF7 /* Release */,
			);
			defaultConfigurationIsVisible = 0;
			defaultConfigurationName = Debug;
		};
/* End XCConfigurationList section */
	};
	rootObject = 0867D690FE84028FC02AAC07 /* Project object */;
}
