<?xml version="1.0" encoding="UTF-8"?>
<Scheme
<<<<<<< 651cabc6a59177b5257d540dbc8b5321710c46ca
   LastUpgradeVersion = "0700"
   version = "1.8">
=======
   LastUpgradeVersion = "0600"
   version = "1.3">
>>>>>>> Merge branch 'master' of https://github.com/0x90/wifi-arsenal
   <BuildAction
      parallelizeBuildables = "YES"
      buildImplicitDependencies = "YES">
      <BuildActionEntries>
         <BuildActionEntry
            buildForTesting = "YES"
            buildForRunning = "YES"
            buildForProfiling = "YES"
            buildForArchiving = "YES"
            buildForAnalyzing = "YES">
            <BuildableReference
               BuildableIdentifier = "primary"
               BlueprintIdentifier = "8D1107260486CEB800E47090"
               BuildableName = "KisMac2.app"
               BlueprintName = "KisMac2"
               ReferencedContainer = "container:KisMac2.xcodeproj">
            </BuildableReference>
         </BuildActionEntry>
<<<<<<< 651cabc6a59177b5257d540dbc8b5321710c46ca
=======
         <BuildActionEntry
            buildForTesting = "YES"
            buildForRunning = "YES"
            buildForProfiling = "NO"
            buildForArchiving = "NO"
            buildForAnalyzing = "YES">
            <BuildableReference
               BuildableIdentifier = "primary"
               BlueprintIdentifier = "A537418119DD4A8B00434C6E"
               BuildableName = "Tests.xctest"
               BlueprintName = "Tests"
               ReferencedContainer = "container:KisMac2.xcodeproj">
            </BuildableReference>
         </BuildActionEntry>
>>>>>>> Merge branch 'master' of https://github.com/0x90/wifi-arsenal
      </BuildActionEntries>
   </BuildAction>
   <TestAction
      selectedDebuggerIdentifier = "Xcode.DebuggerFoundation.Debugger.LLDB"
      selectedLauncherIdentifier = "Xcode.DebuggerFoundation.Launcher.LLDB"
      shouldUseLaunchSchemeArgsEnv = "YES"
      buildConfiguration = "Debug">
      <Testables>
<<<<<<< 651cabc6a59177b5257d540dbc8b5321710c46ca
=======
         <TestableReference
            skipped = "NO">
            <BuildableReference
               BuildableIdentifier = "primary"
               BlueprintIdentifier = "A537418119DD4A8B00434C6E"
               BuildableName = "Tests.xctest"
               BlueprintName = "Tests"
               ReferencedContainer = "container:KisMac2.xcodeproj">
            </BuildableReference>
         </TestableReference>
>>>>>>> Merge branch 'master' of https://github.com/0x90/wifi-arsenal
      </Testables>
      <MacroExpansion>
         <BuildableReference
            BuildableIdentifier = "primary"
            BlueprintIdentifier = "8D1107260486CEB800E47090"
            BuildableName = "KisMac2.app"
            BlueprintName = "KisMac2"
            ReferencedContainer = "container:KisMac2.xcodeproj">
         </BuildableReference>
      </MacroExpansion>
<<<<<<< 651cabc6a59177b5257d540dbc8b5321710c46ca
      <AdditionalOptions>
      </AdditionalOptions>
=======
>>>>>>> Merge branch 'master' of https://github.com/0x90/wifi-arsenal
   </TestAction>
   <LaunchAction
      selectedDebuggerIdentifier = "Xcode.DebuggerFoundation.Debugger.LLDB"
      selectedLauncherIdentifier = "Xcode.DebuggerFoundation.Launcher.LLDB"
      launchStyle = "0"
      useCustomWorkingDirectory = "NO"
      buildConfiguration = "Debug"
      ignoresPersistentStateOnLaunch = "NO"
      debugDocumentVersioning = "YES"
<<<<<<< 651cabc6a59177b5257d540dbc8b5321710c46ca
      debugServiceExtension = "internal"
      allowLocationSimulation = "YES">
      <BuildableProductRunnable
         runnableDebuggingMode = "0">
=======
      allowLocationSimulation = "YES">
      <BuildableProductRunnable>
>>>>>>> Merge branch 'master' of https://github.com/0x90/wifi-arsenal
         <BuildableReference
            BuildableIdentifier = "primary"
            BlueprintIdentifier = "8D1107260486CEB800E47090"
            BuildableName = "KisMac2.app"
            BlueprintName = "KisMac2"
            ReferencedContainer = "container:KisMac2.xcodeproj">
         </BuildableReference>
      </BuildableProductRunnable>
      <AdditionalOptions>
      </AdditionalOptions>
   </LaunchAction>
   <ProfileAction
      shouldUseLaunchSchemeArgsEnv = "YES"
      savedToolIdentifier = ""
      useCustomWorkingDirectory = "NO"
      buildConfiguration = "Release"
      debugDocumentVersioning = "YES">
<<<<<<< 651cabc6a59177b5257d540dbc8b5321710c46ca
      <BuildableProductRunnable
         runnableDebuggingMode = "0">
=======
      <BuildableProductRunnable>
>>>>>>> Merge branch 'master' of https://github.com/0x90/wifi-arsenal
         <BuildableReference
            BuildableIdentifier = "primary"
            BlueprintIdentifier = "8D1107260486CEB800E47090"
            BuildableName = "KisMac2.app"
            BlueprintName = "KisMac2"
            ReferencedContainer = "container:KisMac2.xcodeproj">
         </BuildableReference>
      </BuildableProductRunnable>
   </ProfileAction>
   <AnalyzeAction
      buildConfiguration = "Debug">
   </AnalyzeAction>
   <ArchiveAction
      buildConfiguration = "Release"
      revealArchiveInOrganizer = "YES">
   </ArchiveAction>
</Scheme>
