// !$*UTF8*$!
{
	archiveVersion = 1;
	classes = {
	};
	objectVersion = 45;
	objects = {

/* Begin PBXBuildFile section */
		8D576314048677EA00EA77CD /* CoreFoundation.framework in Frameworks */ = {isa = PBXBuildFile; fileRef = 0AA1909FFE8422F4C02AAC07 /* CoreFoundation.framework */; };
		8D5B49A804867FD3000E48DA /* InfoPlist.strings in Resources */ = {isa = PBXBuildFile; fileRef = 8D5B49A704867FD3000E48DA /* InfoPlist.strings */; };
		E13D8489150A7B2A00E52BCC /* wifiutil.settings.plist in Resources */ = {isa = PBXBuildFile; fileRef = E13D8488150A7B2A00E52BCC /* wifiutil.settings.plist */; };
		E15CD08E151A3BA300E21636 /* wifiutil.py in Resources */ = {isa = PBXBuildFile; fileRef = E15CD08D151A3BA300E21636 /* wifiutil.py */; };
		E1AEE05914E5C5FA0040FB64 /* WirelessConfig.m in Sources */ = {isa = PBXBuildFile; fileRef = E1AEE05814E5C5FA0040FB64 /* WirelessConfig.m */; };
		E1AEE05B14E5C6100040FB64 /* WirelessConfig.xib in Resources */ = {isa = PBXBuildFile; fileRef = E1AEE05A14E5C6100040FB64 /* WirelessConfig.xib */; };
		E1AEE06714E5C6710040FB64 /* Cocoa.framework in Frameworks */ = {isa = PBXBuildFile; fileRef = E1AEE06614E5C6710040FB64 /* Cocoa.framework */; };
		E1AEE0AB14E5C8B60040FB64 /* WirelessConfig.png in Resources */ = {isa = PBXBuildFile; fileRef = E1AEE0AA14E5C8B60040FB64 /* WirelessConfig.png */; };
		E1AEE2DA14E611650040FB64 /* Constants.m in Sources */ = {isa = PBXBuildFile; fileRef = E1AEE2D914E611650040FB64 /* Constants.m */; };
		E1AEE44D14E64DBE0040FB64 /* ConfigIconCell.m in Sources */ = {isa = PBXBuildFile; fileRef = E1AEE44C14E64DBE0040FB64 /* ConfigIconCell.m */; };
		E1AEE46114E64FCE0040FB64 /* TableController.m in Sources */ = {isa = PBXBuildFile; fileRef = E1AEE46014E64FCE0040FB64 /* TableController.m */; };
		E1AEE53814E688740040FB64 /* GlobalStatus.m in Sources */ = {isa = PBXBuildFile; fileRef = E1AEE53714E688740040FB64 /* GlobalStatus.m */; };
		E1B72505150E588000BFD642 /* kcutil in Resources */ = {isa = PBXBuildFile; fileRef = E1B72504150E588000BFD642 /* kcutil */; };
/* End PBXBuildFile section */

/* Begin PBXFileReference section */
		089C167EFE841241C02AAC07 /* English */ = {isa = PBXFileReference; fileEncoding = 4; lastKnownFileType = text.plist.strings; name = English; path = English.lproj/InfoPlist.strings; sourceTree = "<group>"; };
		0AA1909FFE8422F4C02AAC07 /* CoreFoundation.framework */ = {isa = PBXFileReference; lastKnownFileType = wrapper.framework; name = CoreFoundation.framework; path = /System/Library/Frameworks/CoreFoundation.framework; sourceTree = "<absolute>"; };
		8D576316048677EA00EA77CD /* WirelessConfig.bundle */ = {isa = PBXFileReference; explicitFileType = wrapper.cfbundle; includeInIndex = 0; path = WirelessConfig.bundle; sourceTree = BUILT_PRODUCTS_DIR; };
		8D576317048677EA00EA77CD /* Info.plist */ = {isa = PBXFileReference; fileEncoding = 4; lastKnownFileType = text.plist.xml; path = Info.plist; sourceTree = "<group>"; };
		E13D8488150A7B2A00E52BCC /* wifiutil.settings.plist */ = {isa = PBXFileReference; fileEncoding = 4; lastKnownFileType = text.plist.xml; path = wifiutil.settings.plist; sourceTree = "<group>"; };
		E15CD08D151A3BA300E21636 /* wifiutil.py */ = {isa = PBXFileReference; fileEncoding = 4; lastKnownFileType = text.script.python; path = wifiutil.py; sourceTree = "<group>"; };
		E1AEE05714E5C5FA0040FB64 /* WirelessConfig.h */ = {isa = PBXFileReference; fileEncoding = 4; lastKnownFileType = sourcecode.c.h; path = WirelessConfig.h; sourceTree = "<group>"; };
		E1AEE05814E5C5FA0040FB64 /* WirelessConfig.m */ = {isa = PBXFileReference; fileEncoding = 4; lastKnownFileType = sourcecode.c.objc; path = WirelessConfig.m; sourceTree = "<group>"; };
		E1AEE05A14E5C6100040FB64 /* WirelessConfig.xib */ = {isa = PBXFileReference; lastKnownFileType = file.xib; path = WirelessConfig.xib; sourceTree = "<group>"; };
		E1AEE06614E5C6710040FB64 /* Cocoa.framework */ = {isa = PBXFileReference; lastKnownFileType = wrapper.framework; name = Cocoa.framework; path = System/Library/Frameworks/Cocoa.framework; sourceTree = SDKROOT; };
		E1AEE0AA14E5C8B60040FB64 /* WirelessConfig.png */ = {isa = PBXFileReference; lastKnownFileType = image.png; path = WirelessConfig.png; sourceTree = "<group>"; };
		E1AEE2C314E5F5680040FB64 /* SSPluginProtocol.h */ = {isa = PBXFileReference; fileEncoding = 4; lastKnownFileType = sourcecode.c.h; path = SSPluginProtocol.h; sourceTree = "<group>"; };
		E1AEE2D814E611650040FB64 /* Constants.h */ = {isa = PBXFileReference; fileEncoding = 4; lastKnownFileType = sourcecode.c.h; path = Constants.h; sourceTree = "<group>"; };
		E1AEE2D914E611650040FB64 /* Constants.m */ = {isa = PBXFileReference; fileEncoding = 4; lastKnownFileType = sourcecode.c.objc; path = Constants.m; sourceTree = "<group>"; };
		E1AEE44B14E64DBE0040FB64 /* ConfigIconCell.h */ = {isa = PBXFileReference; fileEncoding = 4; lastKnownFileType = sourcecode.c.h; path = ConfigIconCell.h; sourceTree = "<group>"; };
		E1AEE44C14E64DBE0040FB64 /* ConfigIconCell.m */ = {isa = PBXFileReference; fileEncoding = 4; lastKnownFileType = sourcecode.c.objc; path = ConfigIconCell.m; sourceTree = "<group>"; };
		E1AEE45F14E64FCE0040FB64 /* TableController.h */ = {isa = PBXFileReference; fileEncoding = 4; lastKnownFileType = sourcecode.c.h; path = TableController.h; sourceTree = "<group>"; };
		E1AEE46014E64FCE0040FB64 /* TableController.m */ = {isa = PBXFileReference; fileEncoding = 4; lastKnownFileType = sourcecode.c.objc; path = TableController.m; sourceTree = "<group>"; };
		E1AEE53614E688740040FB64 /* GlobalStatus.h */ = {isa = PBXFileReference; fileEncoding = 4; lastKnownFileType = sourcecode.c.h; path = GlobalStatus.h; sourceTree = "<group>"; };
		E1AEE53714E688740040FB64 /* GlobalStatus.m */ = {isa = PBXFileReference; fileEncoding = 4; lastKnownFileType = sourcecode.c.objc; path = GlobalStatus.m; sourceTree = "<group>"; };
		E1B72504150E588000BFD642 /* kcutil */ = {isa = PBXFileReference; lastKnownFileType = "compiled.mach-o.executable"; path = kcutil; sourceTree = "<group>"; };
/* End PBXFileReference section */

/* Begin PBXFrameworksBuildPhase section */
		8D576313048677EA00EA77CD /* Frameworks */ = {
			isa = PBXFrameworksBuildPhase;
			buildActionMask = 2147483647;
			files = (
				8D576314048677EA00EA77CD /* CoreFoundation.framework in Frameworks */,
				E1AEE06714E5C6710040FB64 /* Cocoa.framework in Frameworks */,
			);
			runOnlyForDeploymentPostprocessing = 0;
		};
/* End PBXFrameworksBuildPhase section */

/* Begin PBXGroup section */
		089C166AFE841209C02AAC07 /* WirelessConfig */ = {
			isa = PBXGroup;
			children = (
				E13D8488150A7B2A00E52BCC /* wifiutil.settings.plist */,
				E1AEE2D814E611650040FB64 /* Constants.h */,
				E1AEE2D914E611650040FB64 /* Constants.m */,
				E1AEE45514E64F3B0040FB64 /* WirelessConfig */,
				E1AEE53A14E688800040FB64 /* GlobalStatus */,
				E1AEE46214E64FD30040FB64 /* TableController */,
				E1AEE45014E64DC70040FB64 /* ConfigIconCell */,
				E1AEE2C314E5F5680040FB64 /* SSPluginProtocol.h */,
				E1AEE0AA14E5C8B60040FB64 /* WirelessConfig.png */,
				E1AEE05A14E5C6100040FB64 /* WirelessConfig.xib */,
				08FB77AFFE84173DC02AAC07 /* Source */,
				089C167CFE841241C02AAC07 /* Resources */,
				089C1671FE841209C02AAC07 /* External Frameworks and Libraries */,
				19C28FB6FE9D52B211CA2CBB /* Products */,
			);
			name = WirelessConfig;
			sourceTree = "<group>";
		};
		089C1671FE841209C02AAC07 /* External Frameworks and Libraries */ = {
			isa = PBXGroup;
			children = (
				0AA1909FFE8422F4C02AAC07 /* CoreFoundation.framework */,
				E1AEE06614E5C6710040FB64 /* Cocoa.framework */,
			);
			name = "External Frameworks and Libraries";
			sourceTree = "<group>";
		};
		089C167CFE841241C02AAC07 /* Resources */ = {
			isa = PBXGroup;
			children = (
				E15CD08D151A3BA300E21636 /* wifiutil.py */,
				E1B72504150E588000BFD642 /* kcutil */,
				8D576317048677EA00EA77CD /* Info.plist */,
				8D5B49A704867FD3000E48DA /* InfoPlist.strings */,
			);
			name = Resources;
			sourceTree = "<group>";
		};
		08FB77AFFE84173DC02AAC07 /* Source */ = {
			isa = PBXGroup;
			children = (
			);
			name = Source;
			sourceTree = "<group>";
		};
		19C28FB6FE9D52B211CA2CBB /* Products */ = {
			isa = PBXGroup;
			children = (
				8D576316048677EA00EA77CD /* WirelessConfig.bundle */,
			);
			name = Products;
			sourceTree = "<group>";
		};
		E1AEE45014E64DC70040FB64 /* ConfigIconCell */ = {
			isa = PBXGroup;
			children = (
				E1AEE44B14E64DBE0040FB64 /* ConfigIconCell.h */,
				E1AEE44C14E64DBE0040FB64 /* ConfigIconCell.m */,
			);
			name = ConfigIconCell;
			sourceTree = "<group>";
		};
		E1AEE45514E64F3B0040FB64 /* WirelessConfig */ = {
			isa = PBXGroup;
			children = (
				E1AEE05714E5C5FA0040FB64 /* WirelessConfig.h */,
				E1AEE05814E5C5FA0040FB64 /* WirelessConfig.m */,
			);
			name = WirelessConfig;
			sourceTree = "<group>";
		};
		E1AEE46214E64FD30040FB64 /* TableController */ = {
			isa = PBXGroup;
			children = (
				E1AEE45F14E64FCE0040FB64 /* TableController.h */,
				E1AEE46014E64FCE0040FB64 /* TableController.m */,
			);
			name = TableController;
			sourceTree = "<group>";
		};
		E1AEE53A14E688800040FB64 /* GlobalStatus */ = {
			isa = PBXGroup;
			children = (
				E1AEE53614E688740040FB64 /* GlobalStatus.h */,
				E1AEE53714E688740040FB64 /* GlobalStatus.m */,
			);
			name = GlobalStatus;
			sourceTree = "<group>";
		};
/* End PBXGroup section */

/* Begin PBXNativeTarget section */
		8D57630D048677EA00EA77CD /* WirelessConfig */ = {
			isa = PBXNativeTarget;
			buildConfigurationList = 1DEB911A08733D790010E9CD /* Build configuration list for PBXNativeTarget "WirelessConfig" */;
			buildPhases = (
				8D57630F048677EA00EA77CD /* Resources */,
				8D576311048677EA00EA77CD /* Sources */,
				8D576313048677EA00EA77CD /* Frameworks */,
			);
			buildRules = (
			);
			dependencies = (
			);
			name = WirelessConfig;
			productInstallPath = "$(HOME)/Library/Bundles";
			productName = WirelessConfig;
			productReference = 8D576316048677EA00EA77CD /* WirelessConfig.bundle */;
			productType = "com.apple.product-type.bundle";
		};
/* End PBXNativeTarget section */

/* Begin PBXProject section */
		089C1669FE841209C02AAC07 /* Project object */ = {
			isa = PBXProject;
			buildConfigurationList = 1DEB911E08733D790010E9CD /* Build configuration list for PBXProject "WirelessConfig" */;
			compatibilityVersion = "Xcode 3.1";
			developmentRegion = English;
			hasScannedForEncodings = 1;
			knownRegions = (
				English,
				Japanese,
				French,
				German,
			);
			mainGroup = 089C166AFE841209C02AAC07 /* WirelessConfig */;
			projectDirPath = "";
			projectRoot = "";
			targets = (
				8D57630D048677EA00EA77CD /* WirelessConfig */,
			);
		};
/* End PBXProject section */

/* Begin PBXResourcesBuildPhase section */
		8D57630F048677EA00EA77CD /* Resources */ = {
			isa = PBXResourcesBuildPhase;
			buildActionMask = 2147483647;
			files = (
				8D5B49A804867FD3000E48DA /* InfoPlist.strings in Resources */,
				E1AEE05B14E5C6100040FB64 /* WirelessConfig.xib in Resources */,
				E1AEE0AB14E5C8B60040FB64 /* WirelessConfig.png in Resources */,
				E13D8489150A7B2A00E52BCC /* wifiutil.settings.plist in Resources */,
				E1B72505150E588000BFD642 /* kcutil in Resources */,
				E15CD08E151A3BA300E21636 /* wifiutil.py in Resources */,
			);
			runOnlyForDeploymentPostprocessing = 0;
		};
/* End PBXResourcesBuildPhase section */

/* Begin PBXSourcesBuildPhase section */
		8D576311048677EA00EA77CD /* Sources */ = {
			isa = PBXSourcesBuildPhase;
			buildActionMask = 2147483647;
			files = (
				E1AEE05914E5C5FA0040FB64 /* WirelessConfig.m in Sources */,
				E1AEE2DA14E611650040FB64 /* Constants.m in Sources */,
				E1AEE44D14E64DBE0040FB64 /* ConfigIconCell.m in Sources */,
				E1AEE46114E64FCE0040FB64 /* TableController.m in Sources */,
				E1AEE53814E688740040FB64 /* GlobalStatus.m in Sources */,
			);
			runOnlyForDeploymentPostprocessing = 0;
		};
/* End PBXSourcesBuildPhase section */

/* Begin PBXVariantGroup section */
		8D5B49A704867FD3000E48DA /* InfoPlist.strings */ = {
			isa = PBXVariantGroup;
			children = (
				089C167EFE841241C02AAC07 /* English */,
			);
			name = InfoPlist.strings;
			sourceTree = "<group>";
		};
/* End PBXVariantGroup section */

/* Begin XCBuildConfiguration section */
		1DEB911B08733D790010E9CD /* Debug */ = {
			isa = XCBuildConfiguration;
			buildSettings = {
				ALWAYS_SEARCH_USER_PATHS = NO;
				COPY_PHASE_STRIP = NO;
				GCC_DYNAMIC_NO_PIC = NO;
				GCC_ENABLE_FIX_AND_CONTINUE = YES;
				GCC_MODEL_TUNING = G5;
				GCC_OPTIMIZATION_LEVEL = 0;
				INFOPLIST_FILE = Info.plist;
				INSTALL_PATH = "$(HOME)/Library/Bundles";
				PRODUCT_NAME = WirelessConfig;
				WRAPPER_EXTENSION = bundle;
			};
			name = Debug;
		};
		1DEB911C08733D790010E9CD /* Release */ = {
			isa = XCBuildConfiguration;
			buildSettings = {
				ALWAYS_SEARCH_USER_PATHS = NO;
				DEBUG_INFORMATION_FORMAT = "dwarf-with-dsym";
				GCC_MODEL_TUNING = G5;
				INFOPLIST_FILE = Info.plist;
				INSTALL_PATH = "$(HOME)/Library/Bundles";
				PRODUCT_NAME = WirelessConfig;
				WRAPPER_EXTENSION = bundle;
			};
			name = Release;
		};
		1DEB911F08733D790010E9CD /* Debug */ = {
			isa = XCBuildConfiguration;
			buildSettings = {
				ARCHS = "$(ARCHS_STANDARD_32_64_BIT)";
				GCC_C_LANGUAGE_STANDARD = gnu99;
				GCC_OPTIMIZATION_LEVEL = 0;
				GCC_WARN_ABOUT_RETURN_TYPE = YES;
				GCC_WARN_UNUSED_VARIABLE = YES;
				ONLY_ACTIVE_ARCH = YES;
				PREBINDING = NO;
				SDKROOT = macosx10.6;
			};
			name = Debug;
		};
		1DEB912008733D790010E9CD /* Release */ = {
			isa = XCBuildConfiguration;
			buildSettings = {
				ARCHS = "$(ARCHS_STANDARD_32_64_BIT)";
				GCC_C_LANGUAGE_STANDARD = gnu99;
				GCC_WARN_ABOUT_RETURN_TYPE = YES;
				GCC_WARN_UNUSED_VARIABLE = YES;
				PREBINDING = NO;
				SDKROOT = macosx10.5;
			};
			name = Release;
		};
/* End XCBuildConfiguration section */

/* Begin XCConfigurationList section */
		1DEB911A08733D790010E9CD /* Build configuration list for PBXNativeTarget "WirelessConfig" */ = {
			isa = XCConfigurationList;
			buildConfigurations = (
				1DEB911B08733D790010E9CD /* Debug */,
				1DEB911C08733D790010E9CD /* Release */,
			);
			defaultConfigurationIsVisible = 0;
			defaultConfigurationName = Release;
		};
		1DEB911E08733D790010E9CD /* Build configuration list for PBXProject "WirelessConfig" */ = {
			isa = XCConfigurationList;
			buildConfigurations = (
				1DEB911F08733D790010E9CD /* Debug */,
				1DEB912008733D790010E9CD /* Release */,
			);
			defaultConfigurationIsVisible = 0;
			defaultConfigurationName = Release;
		};
/* End XCConfigurationList section */
	};
	rootObject = 089C1669FE841209C02AAC07 /* Project object */;
}
